
Microsoft Visual Studio Solution File, Format Version 12.00
# Visual Studio Version 17
VisualStudioVersion = 17.7.34221.43
MinimumVisualStudioVersion = 10.0.40219.1
Project("{FAE04EC0-301F-11D3-BF4B-00C04F79EFBC}") = "КП - Автопарковка", "КП - Автопарковка.csproj", "{EB6B84B1-7C77-4EC0-9BB2-24132FF104AE}"
EndProject
Global
	GlobalSection(SolutionConfigurationPlatforms) = preSolution
		Debug|Any CPU = Debug|Any CPU
		Release|Any CPU = Release|Any CPU
	EndGlobalSection
	GlobalSection(ProjectConfigurationPlatforms) = postSolution
		{EB6B84B1-7C77-4EC0-9BB2-24132FF104AE}.Debug|Any CPU.ActiveCfg = Debug|Any CPU
		{EB6B84B1-7C77-4EC0-9BB2-24132FF104AE}.Debug|Any CPU.Build.0 = Debug|Any CPU
		{EB6B84B1-7C77-4EC0-9BB2-24132FF104AE}.Release|Any CPU.ActiveCfg = Release|Any CPU
		{EB6B84B1-7C77-4EC0-9BB2-24132FF104AE}.Release|Any CPU.Build.0 = Release|Any CPU
	EndGlobalSection
	GlobalSection(SolutionProperties) = preSolution
		HideSolutionNode = FALSE
	EndGlobalSection
	GlobalSection(ExtensibilityGlobals) = postSolution
		SolutionGuid = {F2B6C594-0750-4A14-B3A9-7B1DEB259C70}
	EndGlobalSection
EndGlobal
